
Microsoft Visual Studio Solution File, Format Version 12.00
# Visual Studio Version 16
VisualStudioVersion = 16.0.31729.503
MinimumVisualStudioVersion = 10.0.40219.1
Project("{FAE04EC0-301F-11D3-BF4B-00C04F79EFBC}") = "ReOrg", "ReOrg.csproj", "{637BF51F-CA0F-4119-A7BE-FF89A4282E71}"
EndProject
Global
	GlobalSection(SolutionConfigurationPlatforms) = preSolution
		Debug|Any CPU = Debug|Any CPU
		Release|Any CPU = Release|Any CPU
	EndGlobalSection
	GlobalSection(ProjectConfigurationPlatforms) = postSolution
		{637BF51F-CA0F-4119-A7BE-FF89A4282E71}.Debug|Any CPU.ActiveCfg = Debug|Any CPU
		{637BF51F-CA0F-4119-A7BE-FF89A4282E71}.Debug|Any CPU.Build.0 = Debug|Any CPU
		{637BF51F-CA0F-4119-A7BE-FF89A4282E71}.Release|Any CPU.ActiveCfg = Release|Any CPU
		{637BF51F-CA0F-4119-A7BE-FF89A4282E71}.Release|Any CPU.Build.0 = Release|Any CPU
	EndGlobalSection
	GlobalSection(SolutionProperties) = preSolution
		HideSolutionNode = FALSE
	EndGlobalSection
	GlobalSection(ExtensibilityGlobals) = postSolution
		SolutionGuid = {E4F4811A-37CA-4CCF-884C-50F5D79E8200}
	EndGlobalSection
EndGlobal
